<?xml version="1.0" encoding="utf-8"?>
<Project ToolsVersion="4.0" xmlns="http://schemas.microsoft.com/developer/msbuild/2003">
  <ItemGroup>
    <Filter Include="Source Files">
      <UniqueIdentifier>{4FC737F1-C7A5-4376-A066-2A32D752A2FF}</UniqueIdentifier>
      <Extensions>cpp;c;cc;cxx;c++;cppm;ixx;def;odl;idl;hpj;bat;asm;asmx</Extensions>
    </Filter>
    <Filter Include="Header Files">
      <UniqueIdentifier>{93995380-89BD-4b04-88EB-625FBE52EBFB}</UniqueIdentifier>
      <Extensions>h;hh;hpp;hxx;h++;hm;inl;inc;ipp;xsd</Extensions>
    </Filter>
    <Filter Include="Resource Files">
      <UniqueIdentifier>{67DA6AB6-F800-4c08-8B7A-83BB121AAD01}</UniqueIdentifier>
      <Extensions>rc;ico;cur;bmp;dlg;rc2;rct;bin;rgs;gif;jpg;jpeg;jpe;resx;tiff;tif;png;wav;mfcribbon-ms</Extensions>
    </Filter>
  </ItemGroup>
  <ItemGroup>
    <ClCompile Include="main.cpp">
      <Filter>Source Files</Filter>
    </ClCompile>
  </ItemGroup>
  <ItemGroup>
    <ClInclude Include="WTexture.h">
      <Filter>Source Files</Filter>
    </ClInclude>
    <ClInclude Include="player.h">
      <Filter>Source Files</Filter>
    </ClInclude>
    <ClInclude Include="levelMap.h">
      <Filter>Source Files</Filter>
    </ClInclude>
    <ClInclude Include="tile.h">
      <Filter>Header Files</Filter>
    </ClInclude>
    <ClInclude Include="debugFuncs.h">
      <Filter>Header Files</Filter>
    </ClInclude>
    <ClInclude Include="title.h">
      <Filter>Header Files</Filter>
    </ClInclude>
    <ClInclude Include="object.h">
      <Filter>Header Files</Filter>
    </ClInclude>
    <ClInclude Include="levelParser.h">
      <Filter>Header Files</Filter>
    </ClInclude>
    <ClInclude Include="entity.h">
      <Filter>Header Files</Filter>
    </ClInclude>
    <ClInclude Include="enemy.h">
      <Filter>Header Files</Filter>
    </ClInclude>
    <ClInclude Include="item.h">
      <Filter>Header Files</Filter>
    </ClInclude>
  </ItemGroup>
  <ItemGroup>
    <Image Include="resources\playerSpriteSheet.png">
      <Filter>Resource Files</Filter>
    </Image>
    <Image Include="resources\playerSpriteSheetTransparent.png">
      <Filter>Resource Files</Filter>
    </Image>
    <Image Include="resources\coin.png">
      <Filter>Resource Files</Filter>
    </Image>
    <Image Include="resources\coin_ground.png">
      <Filter>Resource Files</Filter>
    </Image>
    <Image Include="resources\digits.png">
      <Filter>Resource Files</Filter>
    </Image>
    <Image Include="resources\dragon_left.png">
      <Filter>Resource Files</Filter>
    </Image>
    <Image Include="resources\dragon_right.png">
      <Filter>Resource Files</Filter>
    </Image>
    <Image Include="resources\enemySliderSheet.png">
      <Filter>Resource Files</Filter>
    </Image>
    <Image Include="resources\enemySpriteSheetTransparent.png">
      <Filter>Resource Files</Filter>
    </Image>
    <Image Include="resources\enemySpriteSheetTransparent-1.png">
      <Filter>Resource Files</Filter>
    </Image>
    <Image Include="resources\enemySpriteSheetTransparent-2.png">
      <Filter>Resource Files</Filter>
    </Image>
    <Image Include="resources\enemyWanderSheet.png">
      <Filter>Resource Files</Filter>
    </Image>
    <Image Include="resources\floor_wood.png">
      <Filter>Resource Files</Filter>
    </Image>
    <Image Include="resources\healthbar.png">
      <Filter>Resource Files</Filter>
    </Image>
    <Image Include="resources\healthbarMissing.png">
      <Filter>Resource Files</Filter>
    </Image>
    <Image Include="resources\Heart.png">
      <Filter>Resource Files</Filter>
    </Image>
    <Image Include="resources\hero_back.png">
      <Filter>Resource Files</Filter>
    </Image>
    <Image Include="resources\hero_front.png">
      <Filter>Resource Files</Filter>
    </Image>
    <Image Include="resources\hero_left.png">
      <Filter>Resource Files</Filter>
    </Image>
    <Image Include="resources\hero_right.png">
      <Filter>Resource Files</Filter>
    </Image>
    <Image Include="resources\objective.png">
      <Filter>Resource Files</Filter>
    </Image>
    <Image Include="resources\playerSpriteSheet2.png">
      <Filter>Resource Files</Filter>
    </Image>
    <Image Include="resources\portal.png">
      <Filter>Resource Files</Filter>
    </Image>
    <Image Include="resources\quit_button.png">
      <Filter>Resource Files</Filter>
    </Image>
    <Image Include="resources\slime.png">
      <Filter>Resource Files</Filter>
    </Image>
    <Image Include="resources\spikeTrap.png">
      <Filter>Resource Files</Filter>
    </Image>
    <Image Include="resources\start_button.png">
      <Filter>Resource Files</Filter>
    </Image>
    <Image Include="resources\title_screen.png">
      <Filter>Resource Files</Filter>
    </Image>
    <Image Include="resources\wall_dark.png">
      <Filter>Resource Files</Filter>
    </Image>
    <Image Include="resources\wall_light.png">
      <Filter>Resource Files</Filter>
    </Image>
    <Image Include="resources\wall_rock.png">
      <Filter>Resource Files</Filter>
    </Image>
  </ItemGroup>
  <ItemGroup>
    <None Include="levels\sampleLevel.lvl" />
    <None Include="levels\sampleLevel2.lvl" />
  </ItemGroup>
</Project>